
Microsoft Visual Studio Solution File, Format Version 12.00
# Visual Studio Version 17
VisualStudioVersion = 17.3.32929.385
MinimumVisualStudioVersion = 10.0.40219.1
Project("{888888A0-9F3D-457C-B088-3A5042F75D52}") = "python_youtube_to_text", "python_youtube_to_text\python_youtube_to_text.pyproj", "{3A22FC28-3220-4303-A5D1-5F472EDC83BD}"
EndProject
Global
	GlobalSection(SolutionConfigurationPlatforms) = preSolution
		Debug|Any CPU = Debug|Any CPU
		Release|Any CPU = Release|Any CPU
	EndGlobalSection
	GlobalSection(ProjectConfigurationPlatforms) = postSolution
		{3A22FC28-3220-4303-A5D1-5F472EDC83BD}.Debug|Any CPU.ActiveCfg = Debug|Any CPU
		{3A22FC28-3220-4303-A5D1-5F472EDC83BD}.Release|Any CPU.ActiveCfg = Release|Any CPU
	EndGlobalSection
	GlobalSection(SolutionProperties) = preSolution
		HideSolutionNode = FALSE
	EndGlobalSection
	GlobalSection(ExtensibilityGlobals) = postSolution
		SolutionGuid = {B31EC2E8-9174-4A44-8ECA-0ABCD05E87D6}
	EndGlobalSection
EndGlobal
